{
  "requires": true,
  "lockfileVersion": 1,
  "dependencies": {
    "@ons/design-system": {
      "version": "44.1.2",
      "resolved": "https://registry.npmjs.org/@ons/design-system/-/design-system-44.1.2.tgz",
      "integrity": "sha512-S5VOcwifvJihHpUja5iTgBrHvTDuEkN8xtwZojGkbdVWAjVEkc47kGFl3JUawCsjmrynJg+OVNi+87NExdq1nA=="
    }
  }
}
